// !$*UTF8*$!
{
	archiveVersion = 1;
	classes = {
	};
	objectVersion = 46;
	objects = {

/* Begin PBXBuildFile section */
		5E44EEDA1E1DDB0C007913D6 /* 1.jpg in Resources */ = {isa = PBXBuildFile; fileRef = 5E44EED01E1DDB0C007913D6 /* 1.jpg */; };
		5E44EEDB1E1DDB0C007913D6 /* 2.jpg in Resources */ = {isa = PBXBuildFile; fileRef = 5E44EED11E1DDB0C007913D6 /* 2.jpg */; };
		5E44EEDC1E1DDB0C007913D6 /* 3.jpg in Resources */ = {isa = PBXBuildFile; fileRef = 5E44EED21E1DDB0C007913D6 /* 3.jpg */; };
		5E44EEDD1E1DDB0C007913D6 /* 4.jpg in Resources */ = {isa = PBXBuildFile; fileRef = 5E44EED31E1DDB0C007913D6 /* 4.jpg */; };
		5E44EEDE1E1DDB0C007913D6 /* 5.jpg in Resources */ = {isa = PBXBuildFile; fileRef = 5E44EED41E1DDB0C007913D6 /* 5.jpg */; };
		5E44EEDF1E1DDB0C007913D6 /* 6.jpg in Resources */ = {isa = PBXBuildFile; fileRef = 5E44EED51E1DDB0C007913D6 /* 6.jpg */; };
		5E44EEE01E1DDB0C007913D6 /* 7.jpg in Resources */ = {isa = PBXBuildFile; fileRef = 5E44EED61E1DDB0C007913D6 /* 7.jpg */; };
		5E44EEE11E1DDB0C007913D6 /* 8.jpg in Resources */ = {isa = PBXBuildFile; fileRef = 5E44EED71E1DDB0C007913D6 /* 8.jpg */; };
		5E44EEE21E1DDB0C007913D6 /* 9.jpg in Resources */ = {isa = PBXBuildFile; fileRef = 5E44EED81E1DDB0C007913D6 /* 9.jpg */; };
		5E44EEE31E1DDB0C007913D6 /* 10.jpg in Resources */ = {isa = PBXBuildFile; fileRef = 5E44EED91E1DDB0C007913D6 /* 10.jpg */; };
		5E7FAED01E1DD1A200828196 /* main.m in Sources */ = {isa = PBXBuildFile; fileRef = 5E7FAECF1E1DD1A200828196 /* main.m */; };
		5E7FAED31E1DD1A200828196 /* AppDelegate.m in Sources */ = {isa = PBXBuildFile; fileRef = 5E7FAED21E1DD1A200828196 /* AppDelegate.m */; };
		5E7FAED91E1DD1A200828196 /* Main.storyboard in Resources */ = {isa = PBXBuildFile; fileRef = 5E7FAED71E1DD1A200828196 /* Main.storyboard */; };
		5E7FAEDB1E1DD1A200828196 /* Assets.xcassets in Resources */ = {isa = PBXBuildFile; fileRef = 5E7FAEDA1E1DD1A200828196 /* Assets.xcassets */; };
		5E7FAEDE1E1DD1A200828196 /* LaunchScreen.storyboard in Resources */ = {isa = PBXBuildFile; fileRef = 5E7FAEDC1E1DD1A200828196 /* LaunchScreen.storyboard */; };
		5E9B6FAD1E1EE5A100B3AA02 /* User.m in Sources */ = {isa = PBXBuildFile; fileRef = 5E9B6FAC1E1EE5A100B3AA02 /* User.m */; };
		5E9B6FB01E1EE86D00B3AA02 /* ImagePost.m in Sources */ = {isa = PBXBuildFile; fileRef = 5E9B6FAF1E1EE86D00B3AA02 /* ImagePost.m */; };
		5E9B6FB31E1F137000B3AA02 /* Comment.m in Sources */ = {isa = PBXBuildFile; fileRef = 5E9B6FB21E1F137000B3AA02 /* Comment.m */; };
		5E9B6FB61E1F148D00B3AA02 /* DataSource.m in Sources */ = {isa = PBXBuildFile; fileRef = 5E9B6FB51E1F148D00B3AA02 /* DataSource.m */; };
		5E9B6FBB1E1F305E00B3AA02 /* ImagePostCell.m in Sources */ = {isa = PBXBuildFile; fileRef = 5E9B6FBA1E1F305E00B3AA02 /* ImagePostCell.m */; };
		5E9B6FBE1E1F308E00B3AA02 /* ImagePostHomeVC.m in Sources */ = {isa = PBXBuildFile; fileRef = 5E9B6FBD1E1F308E00B3AA02 /* ImagePostHomeVC.m */; };
		5E9FD5191E20537000D6741F /* lol.jpg in Resources */ = {isa = PBXBuildFile; fileRef = 5E9FD5181E20537000D6741F /* lol.jpg */; };
		5E9FD51C1E207E5600D6741F /* InstgrmLoginVC.m in Sources */ = {isa = PBXBuildFile; fileRef = 5E9FD51B1E207E5600D6741F /* InstgrmLoginVC.m */; };
/* End PBXBuildFile section */

/* Begin PBXFileReference section */
		5E44EED01E1DDB0C007913D6 /* 1.jpg */ = {isa = PBXFileReference; lastKnownFileType = image.jpeg; path = 1.jpg; sourceTree = "<group>"; };
		5E44EED11E1DDB0C007913D6 /* 2.jpg */ = {isa = PBXFileReference; lastKnownFileType = image.jpeg; path = 2.jpg; sourceTree = "<group>"; };
		5E44EED21E1DDB0C007913D6 /* 3.jpg */ = {isa = PBXFileReference; lastKnownFileType = image.jpeg; path = 3.jpg; sourceTree = "<group>"; };
		5E44EED31E1DDB0C007913D6 /* 4.jpg */ = {isa = PBXFileReference; lastKnownFileType = image.jpeg; path = 4.jpg; sourceTree = "<group>"; };
		5E44EED41E1DDB0C007913D6 /* 5.jpg */ = {isa = PBXFileReference; lastKnownFileType = image.jpeg; path = 5.jpg; sourceTree = "<group>"; };
		5E44EED51E1DDB0C007913D6 /* 6.jpg */ = {isa = PBXFileReference; lastKnownFileType = image.jpeg; path = 6.jpg; sourceTree = "<group>"; };
		5E44EED61E1DDB0C007913D6 /* 7.jpg */ = {isa = PBXFileReference; lastKnownFileType = image.jpeg; path = 7.jpg; sourceTree = "<group>"; };
		5E44EED71E1DDB0C007913D6 /* 8.jpg */ = {isa = PBXFileReference; lastKnownFileType = image.jpeg; path = 8.jpg; sourceTree = "<group>"; };
		5E44EED81E1DDB0C007913D6 /* 9.jpg */ = {isa = PBXFileReference; lastKnownFileType = image.jpeg; path = 9.jpg; sourceTree = "<group>"; };
		5E44EED91E1DDB0C007913D6 /* 10.jpg */ = {isa = PBXFileReference; lastKnownFileType = image.jpeg; path = 10.jpg; sourceTree = "<group>"; };
		5E7FAECB1E1DD1A200828196 /* my insta.app */ = {isa = PBXFileReference; explicitFileType = wrapper.application; includeInIndex = 0; path = "my insta.app"; sourceTree = BUILT_PRODUCTS_DIR; };
		5E7FAECF1E1DD1A200828196 /* main.m */ = {isa = PBXFileReference; lastKnownFileType = sourcecode.c.objc; path = main.m; sourceTree = "<group>"; };
		5E7FAED11E1DD1A200828196 /* AppDelegate.h */ = {isa = PBXFileReference; lastKnownFileType = sourcecode.c.h; path = AppDelegate.h; sourceTree = "<group>"; };
		5E7FAED21E1DD1A200828196 /* AppDelegate.m */ = {isa = PBXFileReference; lastKnownFileType = sourcecode.c.objc; path = AppDelegate.m; sourceTree = "<group>"; };
		5E7FAED81E1DD1A200828196 /* Base */ = {isa = PBXFileReference; lastKnownFileType = file.storyboard; name = Base; path = Base.lproj/Main.storyboard; sourceTree = "<group>"; };
		5E7FAEDA1E1DD1A200828196 /* Assets.xcassets */ = {isa = PBXFileReference; lastKnownFileType = folder.assetcatalog; path = Assets.xcassets; sourceTree = "<group>"; };
		5E7FAEDD1E1DD1A200828196 /* Base */ = {isa = PBXFileReference; lastKnownFileType = file.storyboard; name = Base; path = Base.lproj/LaunchScreen.storyboard; sourceTree = "<group>"; };
		5E7FAEDF1E1DD1A200828196 /* Info.plist */ = {isa = PBXFileReference; lastKnownFileType = text.plist.xml; path = Info.plist; sourceTree = "<group>"; };
		5E9B6FAB1E1EE5A100B3AA02 /* User.h */ = {isa = PBXFileReference; fileEncoding = 4; lastKnownFileType = sourcecode.c.h; path = User.h; sourceTree = "<group>"; };
		5E9B6FAC1E1EE5A100B3AA02 /* User.m */ = {isa = PBXFileReference; fileEncoding = 4; lastKnownFileType = sourcecode.c.objc; path = User.m; sourceTree = "<group>"; };
		5E9B6FAE1E1EE86D00B3AA02 /* ImagePost.h */ = {isa = PBXFileReference; fileEncoding = 4; lastKnownFileType = sourcecode.c.h; path = ImagePost.h; sourceTree = "<group>"; };
		5E9B6FAF1E1EE86D00B3AA02 /* ImagePost.m */ = {isa = PBXFileReference; fileEncoding = 4; lastKnownFileType = sourcecode.c.objc; path = ImagePost.m; sourceTree = "<group>"; };
		5E9B6FB11E1F137000B3AA02 /* Comment.h */ = {isa = PBXFileReference; fileEncoding = 4; lastKnownFileType = sourcecode.c.h; path = Comment.h; sourceTree = "<group>"; };
		5E9B6FB21E1F137000B3AA02 /* Comment.m */ = {isa = PBXFileReference; fileEncoding = 4; lastKnownFileType = sourcecode.c.objc; path = Comment.m; sourceTree = "<group>"; };
		5E9B6FB41E1F148D00B3AA02 /* DataSource.h */ = {isa = PBXFileReference; fileEncoding = 4; lastKnownFileType = sourcecode.c.h; path = DataSource.h; sourceTree = "<group>"; };
		5E9B6FB51E1F148D00B3AA02 /* DataSource.m */ = {isa = PBXFileReference; fileEncoding = 4; lastKnownFileType = sourcecode.c.objc; path = DataSource.m; sourceTree = "<group>"; };
		5E9B6FB91E1F305E00B3AA02 /* ImagePostCell.h */ = {isa = PBXFileReference; fileEncoding = 4; lastKnownFileType = sourcecode.c.h; path = ImagePostCell.h; sourceTree = "<group>"; };
		5E9B6FBA1E1F305E00B3AA02 /* ImagePostCell.m */ = {isa = PBXFileReference; fileEncoding = 4; lastKnownFileType = sourcecode.c.objc; path = ImagePostCell.m; sourceTree = "<group>"; };
		5E9B6FBC1E1F308E00B3AA02 /* ImagePostHomeVC.h */ = {isa = PBXFileReference; fileEncoding = 4; lastKnownFileType = sourcecode.c.h; path = ImagePostHomeVC.h; sourceTree = "<group>"; };
		5E9B6FBD1E1F308E00B3AA02 /* ImagePostHomeVC.m */ = {isa = PBXFileReference; fileEncoding = 4; lastKnownFileType = sourcecode.c.objc; path = ImagePostHomeVC.m; sourceTree = "<group>"; };
		5E9FD5181E20537000D6741F /* lol.jpg */ = {isa = PBXFileReference; lastKnownFileType = image.jpeg; path = lol.jpg; sourceTree = "<group>"; };
		5E9FD51A1E207E5600D6741F /* InstgrmLoginVC.h */ = {isa = PBXFileReference; fileEncoding = 4; lastKnownFileType = sourcecode.c.h; path = InstgrmLoginVC.h; sourceTree = "<group>"; };
		5E9FD51B1E207E5600D6741F /* InstgrmLoginVC.m */ = {isa = PBXFileReference; fileEncoding = 4; lastKnownFileType = sourcecode.c.objc; path = InstgrmLoginVC.m; sourceTree = "<group>"; };
/* End PBXFileReference section */

/* Begin PBXFrameworksBuildPhase section */
		5E7FAEC81E1DD1A200828196 /* Frameworks */ = {
			isa = PBXFrameworksBuildPhase;
			buildActionMask = 2147483647;
			files = (
			);
			runOnlyForDeploymentPostprocessing = 0;
		};
/* End PBXFrameworksBuildPhase section */

/* Begin PBXGroup section */
		5E44EECF1E1DDAFD007913D6 /* Images */ = {
			isa = PBXGroup;
			children = (
				5E9FD5181E20537000D6741F /* lol.jpg */,
				5E44EED01E1DDB0C007913D6 /* 1.jpg */,
				5E44EED11E1DDB0C007913D6 /* 2.jpg */,
				5E44EED21E1DDB0C007913D6 /* 3.jpg */,
				5E44EED31E1DDB0C007913D6 /* 4.jpg */,
				5E44EED41E1DDB0C007913D6 /* 5.jpg */,
				5E44EED51E1DDB0C007913D6 /* 6.jpg */,
				5E44EED61E1DDB0C007913D6 /* 7.jpg */,
				5E44EED71E1DDB0C007913D6 /* 8.jpg */,
				5E44EED81E1DDB0C007913D6 /* 9.jpg */,
				5E44EED91E1DDB0C007913D6 /* 10.jpg */,
			);
			name = Images;
			sourceTree = "<group>";
		};
		5E7FAEC21E1DD1A200828196 = {
			isa = PBXGroup;
			children = (
				5E7FAECD1E1DD1A200828196 /* my insta */,
				5E7FAECC1E1DD1A200828196 /* Products */,
			);
			sourceTree = "<group>";
		};
		5E7FAECC1E1DD1A200828196 /* Products */ = {
			isa = PBXGroup;
			children = (
				5E7FAECB1E1DD1A200828196 /* my insta.app */,
			);
			name = Products;
			sourceTree = "<group>";
		};
		5E7FAECD1E1DD1A200828196 /* my insta */ = {
			isa = PBXGroup;
			children = (
				5E7FAED11E1DD1A200828196 /* AppDelegate.h */,
				5E7FAED21E1DD1A200828196 /* AppDelegate.m */,
				5E9B6FAA1E1EE3C800B3AA02 /* Global Data Models */,
				5E9B6FB71E1F149D00B3AA02 /* Data Source */,
				5E9B6FA81E1EE3A300B3AA02 /* Image Posts Home */,
				5E9FD51A1E207E5600D6741F /* InstgrmLoginVC.h */,
				5E9FD51B1E207E5600D6741F /* InstgrmLoginVC.m */,
				5E7FAED71E1DD1A200828196 /* Main.storyboard */,
				5E7FAEDC1E1DD1A200828196 /* LaunchScreen.storyboard */,
				5E7FAECE1E1DD1A200828196 /* Supporting Files */,
				5E9B6FA71E1EE1D800B3AA02 /* Additional Files */,
			);
			path = "my insta";
			sourceTree = "<group>";
		};
		5E7FAECE1E1DD1A200828196 /* Supporting Files */ = {
			isa = PBXGroup;
			children = (
				5E7FAECF1E1DD1A200828196 /* main.m */,
			);
			name = "Supporting Files";
			sourceTree = "<group>";
		};
		5E9B6FA71E1EE1D800B3AA02 /* Additional Files */ = {
			isa = PBXGroup;
			children = (
				5E7FAEDF1E1DD1A200828196 /* Info.plist */,
				5E7FAEDA1E1DD1A200828196 /* Assets.xcassets */,
				5E44EECF1E1DDAFD007913D6 /* Images */,
			);
			name = "Additional Files";
			sourceTree = "<group>";
		};
		5E9B6FA81E1EE3A300B3AA02 /* Image Posts Home */ = {
			isa = PBXGroup;
			children = (
				5E9B6FB81E1F300600B3AA02 /* Table View Cells */,
				5E9B6FA91E1EE3B700B3AA02 /* View Controller */,
			);
			name = "Image Posts Home";
			sourceTree = "<group>";
		};
		5E9B6FA91E1EE3B700B3AA02 /* View Controller */ = {
			isa = PBXGroup;
			children = (
				5E9B6FBC1E1F308E00B3AA02 /* ImagePostHomeVC.h */,
				5E9B6FBD1E1F308E00B3AA02 /* ImagePostHomeVC.m */,
			);
			name = "View Controller";
			sourceTree = "<group>";
		};
		5E9B6FAA1E1EE3C800B3AA02 /* Global Data Models */ = {
			isa = PBXGroup;
			children = (
				5E9B6FAB1E1EE5A100B3AA02 /* User.h */,
				5E9B6FAC1E1EE5A100B3AA02 /* User.m */,
				5E9B6FAE1E1EE86D00B3AA02 /* ImagePost.h */,
				5E9B6FAF1E1EE86D00B3AA02 /* ImagePost.m */,
				5E9B6FB11E1F137000B3AA02 /* Comment.h */,
				5E9B6FB21E1F137000B3AA02 /* Comment.m */,
			);
			name = "Global Data Models";
			sourceTree = "<group>";
		};
		5E9B6FB71E1F149D00B3AA02 /* Data Source */ = {
			isa = PBXGroup;
			children = (
				5E9B6FB41E1F148D00B3AA02 /* DataSource.h */,
				5E9B6FB51E1F148D00B3AA02 /* DataSource.m */,
			);
			name = "Data Source";
			sourceTree = "<group>";
		};
		5E9B6FB81E1F300600B3AA02 /* Table View Cells */ = {
			isa = PBXGroup;
			children = (
				5E9B6FB91E1F305E00B3AA02 /* ImagePostCell.h */,
				5E9B6FBA1E1F305E00B3AA02 /* ImagePostCell.m */,
			);
			name = "Table View Cells";
			sourceTree = "<group>";
		};
/* End PBXGroup section */

/* Begin PBXNativeTarget section */
		5E7FAECA1E1DD1A200828196 /* my insta */ = {
			isa = PBXNativeTarget;
			buildConfigurationList = 5E7FAEE21E1DD1A200828196 /* Build configuration list for PBXNativeTarget "my insta" */;
			buildPhases = (
				5E7FAEC71E1DD1A200828196 /* Sources */,
				5E7FAEC81E1DD1A200828196 /* Frameworks */,
				5E7FAEC91E1DD1A200828196 /* Resources */,
			);
			buildRules = (
			);
			dependencies = (
			);
			name = "my insta";
			productName = "my insta";
			productReference = 5E7FAECB1E1DD1A200828196 /* my insta.app */;
			productType = "com.apple.product-type.application";
		};
/* End PBXNativeTarget section */

/* Begin PBXProject section */
		5E7FAEC31E1DD1A200828196 /* Project object */ = {
			isa = PBXProject;
			attributes = {
				LastUpgradeCheck = 0820;
				ORGANIZATIONNAME = MoonSandApps;
				TargetAttributes = {
					5E7FAECA1E1DD1A200828196 = {
						CreatedOnToolsVersion = 8.2.1;
						DevelopmentTeam = Q7DNMW64ZP;
						ProvisioningStyle = Automatic;
					};
				};
			};
			buildConfigurationList = 5E7FAEC61E1DD1A200828196 /* Build configuration list for PBXProject "my insta" */;
			compatibilityVersion = "Xcode 3.2";
			developmentRegion = English;
			hasScannedForEncodings = 0;
			knownRegions = (
				en,
				Base,
			);
			mainGroup = 5E7FAEC21E1DD1A200828196;
			productRefGroup = 5E7FAECC1E1DD1A200828196 /* Products */;
			projectDirPath = "";
			projectRoot = "";
			targets = (
				5E7FAECA1E1DD1A200828196 /* my insta */,
			);
		};
/* End PBXProject section */

/* Begin PBXResourcesBuildPhase section */
		5E7FAEC91E1DD1A200828196 /* Resources */ = {
			isa = PBXResourcesBuildPhase;
			buildActionMask = 2147483647;
			files = (
				5E44EEE31E1DDB0C007913D6 /* 10.jpg in Resources */,
				5E44EEE11E1DDB0C007913D6 /* 8.jpg in Resources */,
				5E9FD5191E20537000D6741F /* lol.jpg in Resources */,
				5E44EEDF1E1DDB0C007913D6 /* 6.jpg in Resources */,
				5E7FAEDE1E1DD1A200828196 /* LaunchScreen.storyboard in Resources */,
				5E44EEDE1E1DDB0C007913D6 /* 5.jpg in Resources */,
				5E44EEDD1E1DDB0C007913D6 /* 4.jpg in Resources */,
				5E44EEDA1E1DDB0C007913D6 /* 1.jpg in Resources */,
				5E44EEDB1E1DDB0C007913D6 /* 2.jpg in Resources */,
				5E44EEDC1E1DDB0C007913D6 /* 3.jpg in Resources */,
				5E44EEE01E1DDB0C007913D6 /* 7.jpg in Resources */,
				5E44EEE21E1DDB0C007913D6 /* 9.jpg in Resources */,
				5E7FAEDB1E1DD1A200828196 /* Assets.xcassets in Resources */,
				5E7FAED91E1DD1A200828196 /* Main.storyboard in Resources */,
			);
			runOnlyForDeploymentPostprocessing = 0;
		};
/* End PBXResourcesBuildPhase section */

/* Begin PBXSourcesBuildPhase section */
		5E7FAEC71E1DD1A200828196 /* Sources */ = {
			isa = PBXSourcesBuildPhase;
			buildActionMask = 2147483647;
			files = (
				5E9B6FAD1E1EE5A100B3AA02 /* User.m in Sources */,
				5E9B6FB31E1F137000B3AA02 /* Comment.m in Sources */,
				5E9B6FBB1E1F305E00B3AA02 /* ImagePostCell.m in Sources */,
				5E9B6FB01E1EE86D00B3AA02 /* ImagePost.m in Sources */,
				5E9FD51C1E207E5600D6741F /* InstgrmLoginVC.m in Sources */,
				5E9B6FB61E1F148D00B3AA02 /* DataSource.m in Sources */,
				5E7FAED31E1DD1A200828196 /* AppDelegate.m in Sources */,
				5E9B6FBE1E1F308E00B3AA02 /* ImagePostHomeVC.m in Sources */,
				5E7FAED01E1DD1A200828196 /* main.m in Sources */,
			);
			runOnlyForDeploymentPostprocessing = 0;
		};
/* End PBXSourcesBuildPhase section */

/* Begin PBXVariantGroup section */
		5E7FAED71E1DD1A200828196 /* Main.storyboard */ = {
			isa = PBXVariantGroup;
			children = (
				5E7FAED81E1DD1A200828196 /* Base */,
			);
			name = Main.storyboard;
			sourceTree = "<group>";
		};
		5E7FAEDC1E1DD1A200828196 /* LaunchScreen.storyboard */ = {
			isa = PBXVariantGroup;
			children = (
				5E7FAEDD1E1DD1A200828196 /* Base */,
			);
			name = LaunchScreen.storyboard;
			sourceTree = "<group>";
		};
/* End PBXVariantGroup section */

/* Begin XCBuildConfiguration section */
		5E7FAEE01E1DD1A200828196 /* Debug */ = {
			isa = XCBuildConfiguration;
			buildSettings = {
				ALWAYS_SEARCH_USER_PATHS = NO;
				CLANG_ANALYZER_NONNULL = YES;
				CLANG_CXX_LANGUAGE_STANDARD = "gnu++0x";
				CLANG_CXX_LIBRARY = "libc++";
				CLANG_ENABLE_MODULES = YES;
				CLANG_ENABLE_OBJC_ARC = YES;
				CLANG_WARN_BOOL_CONVERSION = YES;
				CLANG_WARN_CONSTANT_CONVERSION = YES;
				CLANG_WARN_DIRECT_OBJC_ISA_USAGE = YES_ERROR;
				CLANG_WARN_DOCUMENTATION_COMMENTS = YES;
				CLANG_WARN_EMPTY_BODY = YES;
				CLANG_WARN_ENUM_CONVERSION = YES;
				CLANG_WARN_INFINITE_RECURSION = YES;
				CLANG_WARN_INT_CONVERSION = YES;
				CLANG_WARN_OBJC_ROOT_CLASS = YES_ERROR;
				CLANG_WARN_SUSPICIOUS_MOVE = YES;
				CLANG_WARN_UNREACHABLE_CODE = YES;
				CLANG_WARN__DUPLICATE_METHOD_MATCH = YES;
				"CODE_SIGN_IDENTITY[sdk=iphoneos*]" = "iPhone Developer";
				COPY_PHASE_STRIP = NO;
				DEBUG_INFORMATION_FORMAT = dwarf;
				ENABLE_STRICT_OBJC_MSGSEND = YES;
				ENABLE_TESTABILITY = YES;
				GCC_C_LANGUAGE_STANDARD = gnu99;
				GCC_DYNAMIC_NO_PIC = NO;
				GCC_NO_COMMON_BLOCKS = YES;
				GCC_OPTIMIZATION_LEVEL = 0;
				GCC_PREPROCESSOR_DEFINITIONS = (
					"DEBUG=1",
					"$(inherited)",
				);
				GCC_WARN_64_TO_32_BIT_CONVERSION = YES;
				GCC_WARN_ABOUT_RETURN_TYPE = YES_ERROR;
				GCC_WARN_UNDECLARED_SELECTOR = YES;
				GCC_WARN_UNINITIALIZED_AUTOS = YES_AGGRESSIVE;
				GCC_WARN_UNUSED_FUNCTION = YES;
				GCC_WARN_UNUSED_VARIABLE = YES;
				IPHONEOS_DEPLOYMENT_TARGET = 10.2;
				MTL_ENABLE_DEBUG_INFO = YES;
				ONLY_ACTIVE_ARCH = YES;
				SDKROOT = iphoneos;
				TARGETED_DEVICE_FAMILY = "1,2";
			};
			name = Debug;
		};
		5E7FAEE11E1DD1A200828196 /* Release */ = {
			isa = XCBuildConfiguration;
			buildSettings = {
				ALWAYS_SEARCH_USER_PATHS = NO;
				CLANG_ANALYZER_NONNULL = YES;
				CLANG_CXX_LANGUAGE_STANDARD = "gnu++0x";
				CLANG_CXX_LIBRARY = "libc++";
				CLANG_ENABLE_MODULES = YES;
				CLANG_ENABLE_OBJC_ARC = YES;
				CLANG_WARN_BOOL_CONVERSION = YES;
				CLANG_WARN_CONSTANT_CONVERSION = YES;
				CLANG_WARN_DIRECT_OBJC_ISA_USAGE = YES_ERROR;
				CLANG_WARN_DOCUMENTATION_COMMENTS = YES;
				CLANG_WARN_EMPTY_BODY = YES;
				CLANG_WARN_ENUM_CONVERSION = YES;
				CLANG_WARN_INFINITE_RECURSION = YES;
				CLANG_WARN_INT_CONVERSION = YES;
				CLANG_WARN_OBJC_ROOT_CLASS = YES_ERROR;
				CLANG_WARN_SUSPICIOUS_MOVE = YES;
				CLANG_WARN_UNREACHABLE_CODE = YES;
				CLANG_WARN__DUPLICATE_METHOD_MATCH = YES;
				"CODE_SIGN_IDENTITY[sdk=iphoneos*]" = "iPhone Developer";
				COPY_PHASE_STRIP = NO;
				DEBUG_INFORMATION_FORMAT = "dwarf-with-dsym";
				ENABLE_NS_ASSERTIONS = NO;
				ENABLE_STRICT_OBJC_MSGSEND = YES;
				GCC_C_LANGUAGE_STANDARD = gnu99;
				GCC_NO_COMMON_BLOCKS = YES;
				GCC_WARN_64_TO_32_BIT_CONVERSION = YES;
				GCC_WARN_ABOUT_RETURN_TYPE = YES_ERROR;
				GCC_WARN_UNDECLARED_SELECTOR = YES;
				GCC_WARN_UNINITIALIZED_AUTOS = YES_AGGRESSIVE;
				GCC_WARN_UNUSED_FUNCTION = YES;
				GCC_WARN_UNUSED_VARIABLE = YES;
				IPHONEOS_DEPLOYMENT_TARGET = 10.2;
				MTL_ENABLE_DEBUG_INFO = NO;
				SDKROOT = iphoneos;
				TARGETED_DEVICE_FAMILY = "1,2";
				VALIDATE_PRODUCT = YES;
			};
			name = Release;
		};
		5E7FAEE31E1DD1A200828196 /* Debug */ = {
			isa = XCBuildConfiguration;
			buildSettings = {
				ASSETCATALOG_COMPILER_APPICON_NAME = AppIcon;
				DEVELOPMENT_TEAM = Q7DNMW64ZP;
				INFOPLIST_FILE = "my insta/Info.plist";
				IPHONEOS_DEPLOYMENT_TARGET = 9.0;
				LD_RUNPATH_SEARCH_PATHS = "$(inherited) @executable_path/Frameworks";
				PRODUCT_BUNDLE_IDENTIFIER = "com.moonsandapps.my-insta";
				PRODUCT_NAME = "$(TARGET_NAME)";
			};
			name = Debug;
		};
		5E7FAEE41E1DD1A200828196 /* Release */ = {
			isa = XCBuildConfiguration;
			buildSettings = {
				ASSETCATALOG_COMPILER_APPICON_NAME = AppIcon;
				DEVELOPMENT_TEAM = Q7DNMW64ZP;
				INFOPLIST_FILE = "my insta/Info.plist";
				IPHONEOS_DEPLOYMENT_TARGET = 9.0;
				LD_RUNPATH_SEARCH_PATHS = "$(inherited) @executable_path/Frameworks";
				PRODUCT_BUNDLE_IDENTIFIER = "com.moonsandapps.my-insta";
				PRODUCT_NAME = "$(TARGET_NAME)";
			};
			name = Release;
		};
/* End XCBuildConfiguration section */

/* Begin XCConfigurationList section */
		5E7FAEC61E1DD1A200828196 /* Build configuration list for PBXProject "my insta" */ = {
			isa = XCConfigurationList;
			buildConfigurations = (
				5E7FAEE01E1DD1A200828196 /* Debug */,
				5E7FAEE11E1DD1A200828196 /* Release */,
			);
			defaultConfigurationIsVisible = 0;
			defaultConfigurationName = Release;
		};
		5E7FAEE21E1DD1A200828196 /* Build configuration list for PBXNativeTarget "my insta" */ = {
			isa = XCConfigurationList;
			buildConfigurations = (
				5E7FAEE31E1DD1A200828196 /* Debug */,
				5E7FAEE41E1DD1A200828196 /* Release */,
			);
			defaultConfigurationIsVisible = 0;
			defaultConfigurationName = Release;
		};
/* End XCConfigurationList section */
	};
	rootObject = 5E7FAEC31E1DD1A200828196 /* Project object */;
}
